<?xml version="1.0" encoding="utf-8"?>
<Project ToolsVersion="4.0" xmlns="http://schemas.microsoft.com/developer/msbuild/2003">
  <ItemGroup>
    <Filter Include="Text">
      <UniqueIdentifier>{513290fd-29d1-4728-b011-67fb2191e6f6}</UniqueIdentifier>
    </Filter>
    <Filter Include="Annotations">
      <UniqueIdentifier>{46e77a75-fbdb-45d7-998e-f2e1ac83da55}</UniqueIdentifier>
    </Filter>
    <Filter Include="Document">
      <UniqueIdentifier>{294124af-1381-41b0-84fa-0665ef87560e}</UniqueIdentifier>
    </Filter>
    <Filter Include="Attachments">
      <UniqueIdentifier>{295f0a7a-2235-4f06-9a42-0ee1c1d826f5}</UniqueIdentifier>
    </Filter>
    <Filter Include="Pages">
      <UniqueIdentifier>{5854813d-5ecf-41f7-8ae9-d5df6c72ff9b}</UniqueIdentifier>
    </Filter>
    <Filter Include="Images">
      <UniqueIdentifier>{bc7f4ba2-122a-4828-8c23-55d2470fc43b}</UniqueIdentifier>
    </Filter>
  </ItemGroup>
  <ItemGroup>
    <ClCompile Include="main.cpp" />
    <ClCompile Include="Document\AddImage.cpp">
      <Filter>Document</Filter>
    </ClCompile>
    <ClCompile Include="Document\CreateDoc.cpp">
      <Filter>Document</Filter>
    </ClCompile>
    <ClCompile Include="Document\EmbedFont.cpp">
      <Filter>Document</Filter>
    </ClCompile>
    <ClCompile Include="Document\GetSetDocWindowProperties.cpp">
      <Filter>Document</Filter>
    </ClCompile>
    <ClCompile Include="Document\GetSetInfo.cpp">
      <Filter>Document</Filter>
    </ClCompile>
    <ClCompile Include="Document\GetSetMetadata.cpp">
      <Filter>Document</Filter>
    </ClCompile>
    <ClCompile Include="Text\AddText.cpp">
      <Filter>Text</Filter>
    </ClCompile>
    <ClCompile Include="Text\AlignParagraph.cpp">
      <Filter>Text</Filter>
    </ClCompile>
    <ClCompile Include="Text\CreatePdf.cpp">
      <Filter>Text</Filter>
    </ClCompile>
    <ClCompile Include="Text\ExtractText.cpp">
      <Filter>Text</Filter>
    </ClCompile>
    <ClCompile Include="Text\FindText.cpp">
      <Filter>Text</Filter>
    </ClCompile>
    <ClCompile Include="Text\ReplaceText.cpp">
      <Filter>Text</Filter>
    </ClCompile>
    <ClCompile Include="Annotations\AddAnnotation.cpp">
      <Filter>Annotations</Filter>
    </ClCompile>
    <ClCompile Include="Attachments\AddAttachments.cpp">
      <Filter>Attachments</Filter>
    </ClCompile>
    <ClCompile Include="Attachments\DeleteAttachments.cpp">
      <Filter>Attachments</Filter>
    </ClCompile>
    <ClCompile Include="Attachments\GetAttachmentInformation.cpp">
      <Filter>Attachments</Filter>
    </ClCompile>
    <ClCompile Include="Pages\ConcatenatePdfFiles.cpp">
      <Filter>Pages</Filter>
    </ClCompile>
    <ClCompile Include="Pages\DeleteParticularPage.cpp">
      <Filter>Pages</Filter>
    </ClCompile>
    <ClCompile Include="Pages\GetPageCount.cpp">
      <Filter>Pages</Filter>
    </ClCompile>
    <ClCompile Include="Pages\GetPageProperties.cpp">
      <Filter>Pages</Filter>
    </ClCompile>
    <ClCompile Include="Pages\InsertEmptyPage.cpp">
      <Filter>Pages</Filter>
    </ClCompile>
    <ClCompile Include="Pages\InsertEmptyPageAtEnd.cpp">
      <Filter>Pages</Filter>
    </ClCompile>
    <ClCompile Include="Pages\SplitToPages.cpp">
      <Filter>Pages</Filter>
    </ClCompile>
    <ClCompile Include="Pages\UpdateDimensions.cpp">
      <Filter>Pages</Filter>
    </ClCompile>
    <ClCompile Include="Document\GetZoomFactor.cpp">
      <Filter>Document</Filter>
    </ClCompile>
    <ClCompile Include="Document\OptimizeDoc.cpp">
      <Filter>Document</Filter>
    </ClCompile>
    <ClCompile Include="Document\ValidatePDFABStandard.cpp">
      <Filter>Document</Filter>
    </ClCompile>
    <ClCompile Include="Document\ValidatePDFAStandard.cpp">
      <Filter>Document</Filter>
    </ClCompile>
    <ClCompile Include="Document\SetZoomFactor.cpp">
      <Filter>Document</Filter>
    </ClCompile>
    <ClCompile Include="Text\AddTextSegment.cpp">
      <Filter>Text</Filter>
    </ClCompile>
    <ClCompile Include="Text\AddUnderlineText.cpp">
      <Filter>Text</Filter>
    </ClCompile>
    <ClCompile Include="Text\ExtractTextFromRangeOfPages.cpp">
      <Filter>Text</Filter>
    </ClCompile>
    <ClCompile Include="Text\ReplaceTextOnParticularPage.cpp">
      <Filter>Text</Filter>
    </ClCompile>
    <ClCompile Include="Images\DeleteAllImages.cpp">
      <Filter>Images</Filter>
    </ClCompile>
    <ClCompile Include="Images\DeleteImageFromPage.cpp">
      <Filter>Images</Filter>
    </ClCompile>
    <ClCompile Include="Images\ExtractImage.cpp">
      <Filter>Images</Filter>
    </ClCompile>
    <ClCompile Include="Images\ExtractImageFromParticularPage.cpp">
      <Filter>Images</Filter>
    </ClCompile>
    <ClCompile Include="Images\ReplacePageImage.cpp">
      <Filter>Images</Filter>
    </ClCompile>
    <ClCompile Include="SecurityAndSignatures\SetPrivileges.cpp" />
    <ClCompile Include="SecurityAndSignatures\DecryptPDFFile.cpp" />
    <ClCompile Include="SecurityAndSignatures\ChangePassword.cpp" />
    <ClCompile Include="Bookmarks\CreateBookmark.cpp" />
    <ClCompile Include="Bookmarks\CreateChildBookmark.cpp" />
    <ClCompile Include="Bookmarks\DeleteAllBookmarks.cpp" />
    <ClCompile Include="Bookmarks\DeleteBookmark.cpp" />
    <ClCompile Include="Annotations\ModifyAnnotations.cpp" />
    <ClCompile Include="Annotations\DeleteAllAnnotations.cpp" />
    <ClCompile Include="Annotations\DeleteParticularAnnotation.cpp" />
    <ClCompile Include="Annotations\ImportAnnotations.cpp" />
    <ClCompile Include="Annotations\ExportAnnotations.cpp" />
    <ClCompile Include="Annotations\ExtractAnnotations.cpp" />
    <ClCompile Include="Pages\ConvertPDFPages.cpp" />
  </ItemGroup>
  <ItemGroup>
    <ClInclude Include="PdfExamples.h" />
  </ItemGroup>
</Project>